// !$*UTF8*$!
{
	archiveVersion = 1;
	classes = {
	};
	objectVersion = 56;
	objects = {

/* Begin PBXBuildFile section */
		7D332F152C05AF270049C66A /* PizzaApp.swift in Sources */ = {isa = PBXBuildFile; fileRef = 7D332F142C05AF270049C66A /* PizzaApp.swift */; };
		7D97B66C2BAE7BF20073686F /* Pizza_ParadisoApp.swift in Sources */ = {isa = PBXBuildFile; fileRef = 7D97B66B2BAE7BF20073686F /* Pizza_ParadisoApp.swift */; };
		7D97B66E2BAE7BF20073686F /* ContentView.swift in Sources */ = {isa = PBXBuildFile; fileRef = 7D97B66D2BAE7BF20073686F /* ContentView.swift */; };
		7D97B6702BAE7BFA0073686F /* Assets.xcassets in Resources */ = {isa = PBXBuildFile; fileRef = 7D97B66F2BAE7BFA0073686F /* Assets.xcassets */; };
		7D97B6732BAE7BFA0073686F /* Preview Assets.xcassets in Resources */ = {isa = PBXBuildFile; fileRef = 7D97B6722BAE7BFA0073686F /* Preview Assets.xcassets */; };
		7D97B67B2BAE9C980073686F /* PizzaRotateSlide.swift in Sources */ = {isa = PBXBuildFile; fileRef = 7D97B67A2BAE9C980073686F /* PizzaRotateSlide.swift */; };
		7D97B67D2BAEA1830073686F /* PizzaScaleUpSlide.swift in Sources */ = {isa = PBXBuildFile; fileRef = 7D97B67C2BAEA1830073686F /* PizzaScaleUpSlide.swift */; };
		7DD576D52BAF86B1004DFF4D /* PizzaSizeScale.swift in Sources */ = {isa = PBXBuildFile; fileRef = 7DD576D42BAF86B1004DFF4D /* PizzaSizeScale.swift */; };
		7DF23A982C0976AF004DCE4F /* Color.swift in Sources */ = {isa = PBXBuildFile; fileRef = 7DF23A972C0976AF004DCE4F /* Color.swift */; };
/* End PBXBuildFile section */

/* Begin PBXFileReference section */
		7D332F142C05AF270049C66A /* PizzaApp.swift */ = {isa = PBXFileReference; lastKnownFileType = sourcecode.swift; path = PizzaApp.swift; sourceTree = "<group>"; };
		7D97B6682BAE7BF20073686F /* Pizza-Paradiso.app */ = {isa = PBXFileReference; explicitFileType = wrapper.application; includeInIndex = 0; path = "Pizza-Paradiso.app"; sourceTree = BUILT_PRODUCTS_DIR; };
		7D97B66B2BAE7BF20073686F /* Pizza_ParadisoApp.swift */ = {isa = PBXFileReference; lastKnownFileType = sourcecode.swift; path = Pizza_ParadisoApp.swift; sourceTree = "<group>"; };
		7D97B66D2BAE7BF20073686F /* ContentView.swift */ = {isa = PBXFileReference; lastKnownFileType = sourcecode.swift; path = ContentView.swift; sourceTree = "<group>"; };
		7D97B66F2BAE7BFA0073686F /* Assets.xcassets */ = {isa = PBXFileReference; lastKnownFileType = folder.assetcatalog; path = Assets.xcassets; sourceTree = "<group>"; };
		7D97B6722BAE7BFA0073686F /* Preview Assets.xcassets */ = {isa = PBXFileReference; lastKnownFileType = folder.assetcatalog; path = "Preview Assets.xcassets"; sourceTree = "<group>"; };
		7D97B67A2BAE9C980073686F /* PizzaRotateSlide.swift */ = {isa = PBXFileReference; lastKnownFileType = sourcecode.swift; path = PizzaRotateSlide.swift; sourceTree = "<group>"; };
		7D97B67C2BAEA1830073686F /* PizzaScaleUpSlide.swift */ = {isa = PBXFileReference; lastKnownFileType = sourcecode.swift; path = PizzaScaleUpSlide.swift; sourceTree = "<group>"; };
		7DD576D42BAF86B1004DFF4D /* PizzaSizeScale.swift */ = {isa = PBXFileReference; lastKnownFileType = sourcecode.swift; path = PizzaSizeScale.swift; sourceTree = "<group>"; };
		7DF23A972C0976AF004DCE4F /* Color.swift */ = {isa = PBXFileReference; lastKnownFileType = sourcecode.swift; path = Color.swift; sourceTree = "<group>"; };
/* End PBXFileReference section */

/* Begin PBXFrameworksBuildPhase section */
		7D97B6652BAE7BF20073686F /* Frameworks */ = {
			isa = PBXFrameworksBuildPhase;
			buildActionMask = 2147483647;
			files = (
			);
			runOnlyForDeploymentPostprocessing = 0;
		};
/* End PBXFrameworksBuildPhase section */

/* Begin PBXGroup section */
		7D97B65F2BAE7BF10073686F = {
			isa = PBXGroup;
			children = (
				7D97B66A2BAE7BF20073686F /* Pizza-Paradiso */,
				7D97B6692BAE7BF20073686F /* Products */,
			);
			sourceTree = "<group>";
		};
		7D97B6692BAE7BF20073686F /* Products */ = {
			isa = PBXGroup;
			children = (
				7D97B6682BAE7BF20073686F /* Pizza-Paradiso.app */,
			);
			name = Products;
			sourceTree = "<group>";
		};
		7D97B66A2BAE7BF20073686F /* Pizza-Paradiso */ = {
			isa = PBXGroup;
			children = (
				7D97B6792BAE9C420073686F /* Pages */,
				7D97B66B2BAE7BF20073686F /* Pizza_ParadisoApp.swift */,
				7D97B66D2BAE7BF20073686F /* ContentView.swift */,
				7D97B66F2BAE7BFA0073686F /* Assets.xcassets */,
				7D97B6712BAE7BFA0073686F /* Preview Content */,
				7DF23A972C0976AF004DCE4F /* Color.swift */,
			);
			path = "Pizza-Paradiso";
			sourceTree = "<group>";
		};
		7D97B6712BAE7BFA0073686F /* Preview Content */ = {
			isa = PBXGroup;
			children = (
				7D97B6722BAE7BFA0073686F /* Preview Assets.xcassets */,
			);
			path = "Preview Content";
			sourceTree = "<group>";
		};
		7D97B6792BAE9C420073686F /* Pages */ = {
			isa = PBXGroup;
			children = (
				7D97B67A2BAE9C980073686F /* PizzaRotateSlide.swift */,
				7D97B67C2BAEA1830073686F /* PizzaScaleUpSlide.swift */,
				7DD576D42BAF86B1004DFF4D /* PizzaSizeScale.swift */,
				7D332F142C05AF270049C66A /* PizzaApp.swift */,
			);
			path = Pages;
			sourceTree = "<group>";
		};
/* End PBXGroup section */

/* Begin PBXNativeTarget section */
		7D97B6672BAE7BF20073686F /* Pizza-Paradiso */ = {
			isa = PBXNativeTarget;
			buildConfigurationList = 7D97B6762BAE7BFA0073686F /* Build configuration list for PBXNativeTarget "Pizza-Paradiso" */;
			buildPhases = (
				7D97B6642BAE7BF20073686F /* Sources */,
				7D97B6652BAE7BF20073686F /* Frameworks */,
				7D97B6662BAE7BF20073686F /* Resources */,
			);
			buildRules = (
			);
			dependencies = (
			);
			name = "Pizza-Paradiso";
			productName = "Pizza-Paradiso";
			productReference = 7D97B6682BAE7BF20073686F /* Pizza-Paradiso.app */;
			productType = "com.apple.product-type.application";
		};
/* End PBXNativeTarget section */

/* Begin PBXProject section */
		7D97B6602BAE7BF10073686F /* Project object */ = {
			isa = PBXProject;
			attributes = {
				BuildIndependentTargetsInParallel = 1;
				LastSwiftUpdateCheck = 1530;
				LastUpgradeCheck = 1530;
				TargetAttributes = {
					7D97B6672BAE7BF20073686F = {
						CreatedOnToolsVersion = 15.3;
					};
				};
			};
			buildConfigurationList = 7D97B6632BAE7BF10073686F /* Build configuration list for PBXProject "Pizza-Paradiso" */;
			compatibilityVersion = "Xcode 14.0";
			developmentRegion = en;
			hasScannedForEncodings = 0;
			knownRegions = (
				en,
				Base,
			);
			mainGroup = 7D97B65F2BAE7BF10073686F;
			productRefGroup = 7D97B6692BAE7BF20073686F /* Products */;
			projectDirPath = "";
			projectRoot = "";
			targets = (
				7D97B6672BAE7BF20073686F /* Pizza-Paradiso */,
			);
		};
/* End PBXProject section */

/* Begin PBXResourcesBuildPhase section */
		7D97B6662BAE7BF20073686F /* Resources */ = {
			isa = PBXResourcesBuildPhase;
			buildActionMask = 2147483647;
			files = (
				7D97B6732BAE7BFA0073686F /* Preview Assets.xcassets in Resources */,
				7D97B6702BAE7BFA0073686F /* Assets.xcassets in Resources */,
			);
			runOnlyForDeploymentPostprocessing = 0;
		};
/* End PBXResourcesBuildPhase section */

/* Begin PBXSourcesBuildPhase section */
		7D97B6642BAE7BF20073686F /* Sources */ = {
			isa = PBXSourcesBuildPhase;
			buildActionMask = 2147483647;
			files = (
				7D332F152C05AF270049C66A /* PizzaApp.swift in Sources */,
				7DD576D52BAF86B1004DFF4D /* PizzaSizeScale.swift in Sources */,
				7DF23A982C0976AF004DCE4F /* Color.swift in Sources */,
				7D97B66E2BAE7BF20073686F /* ContentView.swift in Sources */,
				7D97B67B2BAE9C980073686F /* PizzaRotateSlide.swift in Sources */,
				7D97B67D2BAEA1830073686F /* PizzaScaleUpSlide.swift in Sources */,
				7D97B66C2BAE7BF20073686F /* Pizza_ParadisoApp.swift in Sources */,
			);
			runOnlyForDeploymentPostprocessing = 0;
		};
/* End PBXSourcesBuildPhase section */

/* Begin XCBuildConfiguration section */
		7D97B6742BAE7BFA0073686F /* Debug */ = {
			isa = XCBuildConfiguration;
			buildSettings = {
				ALWAYS_SEARCH_USER_PATHS = NO;
				ASSETCATALOG_COMPILER_GENERATE_SWIFT_ASSET_SYMBOL_EXTENSIONS = YES;
				CLANG_ANALYZER_NONNULL = YES;
				CLANG_ANALYZER_NUMBER_OBJECT_CONVERSION = YES_AGGRESSIVE;
				CLANG_CXX_LANGUAGE_STANDARD = "gnu++20";
				CLANG_ENABLE_MODULES = YES;
				CLANG_ENABLE_OBJC_ARC = YES;
				CLANG_ENABLE_OBJC_WEAK = YES;
				CLANG_WARN_BLOCK_CAPTURE_AUTORELEASING = YES;
				CLANG_WARN_BOOL_CONVERSION = YES;
				CLANG_WARN_COMMA = YES;
				CLANG_WARN_CONSTANT_CONVERSION = YES;
				CLANG_WARN_DEPRECATED_OBJC_IMPLEMENTATIONS = YES;
				CLANG_WARN_DIRECT_OBJC_ISA_USAGE = YES_ERROR;
				CLANG_WARN_DOCUMENTATION_COMMENTS = YES;
				CLANG_WARN_EMPTY_BODY = YES;
				CLANG_WARN_ENUM_CONVERSION = YES;
				CLANG_WARN_INFINITE_RECURSION = YES;
				CLANG_WARN_INT_CONVERSION = YES;
				CLANG_WARN_NON_LITERAL_NULL_CONVERSION = YES;
				CLANG_WARN_OBJC_IMPLICIT_RETAIN_SELF = YES;
				CLANG_WARN_OBJC_LITERAL_CONVERSION = YES;
				CLANG_WARN_OBJC_ROOT_CLASS = YES_ERROR;
				CLANG_WARN_QUOTED_INCLUDE_IN_FRAMEWORK_HEADER = YES;
				CLANG_WARN_RANGE_LOOP_ANALYSIS = YES;
				CLANG_WARN_STRICT_PROTOTYPES = YES;
				CLANG_WARN_SUSPICIOUS_MOVE = YES;
				CLANG_WARN_UNGUARDED_AVAILABILITY = YES_AGGRESSIVE;
				CLANG_WARN_UNREACHABLE_CODE = YES;
				CLANG_WARN__DUPLICATE_METHOD_MATCH = YES;
				COPY_PHASE_STRIP = NO;
				DEBUG_INFORMATION_FORMAT = dwarf;
				ENABLE_STRICT_OBJC_MSGSEND = YES;
				ENABLE_TESTABILITY = YES;
				ENABLE_USER_SCRIPT_SANDBOXING = YES;
				GCC_C_LANGUAGE_STANDARD = gnu17;
				GCC_DYNAMIC_NO_PIC = NO;
				GCC_NO_COMMON_BLOCKS = YES;
				GCC_OPTIMIZATION_LEVEL = 0;
				GCC_PREPROCESSOR_DEFINITIONS = (
					"DEBUG=1",
					"$(inherited)",
				);
				GCC_WARN_64_TO_32_BIT_CONVERSION = YES;
				GCC_WARN_ABOUT_RETURN_TYPE = YES_ERROR;
				GCC_WARN_UNDECLARED_SELECTOR = YES;
				GCC_WARN_UNINITIALIZED_AUTOS = YES_AGGRESSIVE;
				GCC_WARN_UNUSED_FUNCTION = YES;
				GCC_WARN_UNUSED_VARIABLE = YES;
				IPHONEOS_DEPLOYMENT_TARGET = 17.4;
				LOCALIZATION_PREFERS_STRING_CATALOGS = YES;
				MTL_ENABLE_DEBUG_INFO = INCLUDE_SOURCE;
				MTL_FAST_MATH = YES;
				ONLY_ACTIVE_ARCH = YES;
				SDKROOT = iphoneos;
				SWIFT_ACTIVE_COMPILATION_CONDITIONS = "DEBUG $(inherited)";
				SWIFT_OPTIMIZATION_LEVEL = "-Onone";
			};
			name = Debug;
		};
		7D97B6752BAE7BFA0073686F /* Release */ = {
			isa = XCBuildConfiguration;
			buildSettings = {
				ALWAYS_SEARCH_USER_PATHS = NO;
				ASSETCATALOG_COMPILER_GENERATE_SWIFT_ASSET_SYMBOL_EXTENSIONS = YES;
				CLANG_ANALYZER_NONNULL = YES;
				CLANG_ANALYZER_NUMBER_OBJECT_CONVERSION = YES_AGGRESSIVE;
				CLANG_CXX_LANGUAGE_STANDARD = "gnu++20";
				CLANG_ENABLE_MODULES = YES;
				CLANG_ENABLE_OBJC_ARC = YES;
				CLANG_ENABLE_OBJC_WEAK = YES;
				CLANG_WARN_BLOCK_CAPTURE_AUTORELEASING = YES;
				CLANG_WARN_BOOL_CONVERSION = YES;
				CLANG_WARN_COMMA = YES;
				CLANG_WARN_CONSTANT_CONVERSION = YES;
				CLANG_WARN_DEPRECATED_OBJC_IMPLEMENTATIONS = YES;
				CLANG_WARN_DIRECT_OBJC_ISA_USAGE = YES_ERROR;
				CLANG_WARN_DOCUMENTATION_COMMENTS = YES;
				CLANG_WARN_EMPTY_BODY = YES;
				CLANG_WARN_ENUM_CONVERSION = YES;
				CLANG_WARN_INFINITE_RECURSION = YES;
				CLANG_WARN_INT_CONVERSION = YES;
				CLANG_WARN_NON_LITERAL_NULL_CONVERSION = YES;
				CLANG_WARN_OBJC_IMPLICIT_RETAIN_SELF = YES;
				CLANG_WARN_OBJC_LITERAL_CONVERSION = YES;
				CLANG_WARN_OBJC_ROOT_CLASS = YES_ERROR;
				CLANG_WARN_QUOTED_INCLUDE_IN_FRAMEWORK_HEADER = YES;
				CLANG_WARN_RANGE_LOOP_ANALYSIS = YES;
				CLANG_WARN_STRICT_PROTOTYPES = YES;
				CLANG_WARN_SUSPICIOUS_MOVE = YES;
				CLANG_WARN_UNGUARDED_AVAILABILITY = YES_AGGRESSIVE;
				CLANG_WARN_UNREACHABLE_CODE = YES;
				CLANG_WARN__DUPLICATE_METHOD_MATCH = YES;
				COPY_PHASE_STRIP = NO;
				DEBUG_INFORMATION_FORMAT = "dwarf-with-dsym";
				ENABLE_NS_ASSERTIONS = NO;
				ENABLE_STRICT_OBJC_MSGSEND = YES;
				ENABLE_USER_SCRIPT_SANDBOXING = YES;
				GCC_C_LANGUAGE_STANDARD = gnu17;
				GCC_NO_COMMON_BLOCKS = YES;
				GCC_WARN_64_TO_32_BIT_CONVERSION = YES;
				GCC_WARN_ABOUT_RETURN_TYPE = YES_ERROR;
				GCC_WARN_UNDECLARED_SELECTOR = YES;
				GCC_WARN_UNINITIALIZED_AUTOS = YES_AGGRESSIVE;
				GCC_WARN_UNUSED_FUNCTION = YES;
				GCC_WARN_UNUSED_VARIABLE = YES;
				IPHONEOS_DEPLOYMENT_TARGET = 17.4;
				LOCALIZATION_PREFERS_STRING_CATALOGS = YES;
				MTL_ENABLE_DEBUG_INFO = NO;
				MTL_FAST_MATH = YES;
				SDKROOT = iphoneos;
				SWIFT_COMPILATION_MODE = wholemodule;
				VALIDATE_PRODUCT = YES;
			};
			name = Release;
		};
		7D97B6772BAE7BFA0073686F /* Debug */ = {
			isa = XCBuildConfiguration;
			buildSettings = {
				ASSETCATALOG_COMPILER_APPICON_NAME = AppIcon;
				ASSETCATALOG_COMPILER_GLOBAL_ACCENT_COLOR_NAME = AccentColor;
				CODE_SIGN_STYLE = Automatic;
				CURRENT_PROJECT_VERSION = 1;
				DEVELOPMENT_ASSET_PATHS = "\"Pizza-Paradiso/Preview Content\"";
				ENABLE_PREVIEWS = YES;
				GENERATE_INFOPLIST_FILE = YES;
				INFOPLIST_KEY_UIApplicationSceneManifest_Generation = YES;
				INFOPLIST_KEY_UIApplicationSupportsIndirectInputEvents = YES;
				INFOPLIST_KEY_UILaunchScreen_Generation = YES;
				INFOPLIST_KEY_UISupportedInterfaceOrientations_iPad = "UIInterfaceOrientationPortrait UIInterfaceOrientationPortraitUpsideDown UIInterfaceOrientationLandscapeLeft UIInterfaceOrientationLandscapeRight";
				INFOPLIST_KEY_UISupportedInterfaceOrientations_iPhone = "UIInterfaceOrientationPortrait UIInterfaceOrientationLandscapeLeft UIInterfaceOrientationLandscapeRight";
				LD_RUNPATH_SEARCH_PATHS = (
					"$(inherited)",
					"@executable_path/Frameworks",
				);
				MARKETING_VERSION = 1.0;
				PRODUCT_BUNDLE_IDENTIFIER = "test.Pizza-Paradiso";
				PRODUCT_NAME = "$(TARGET_NAME)";
				SWIFT_EMIT_LOC_STRINGS = YES;
				SWIFT_VERSION = 5.0;
				TARGETED_DEVICE_FAMILY = "1,2";
			};
			name = Debug;
		};
		7D97B6782BAE7BFA0073686F /* Release */ = {
			isa = XCBuildConfiguration;
			buildSettings = {
				ASSETCATALOG_COMPILER_APPICON_NAME = AppIcon;
				ASSETCATALOG_COMPILER_GLOBAL_ACCENT_COLOR_NAME = AccentColor;
				CODE_SIGN_STYLE = Automatic;
				CURRENT_PROJECT_VERSION = 1;
				DEVELOPMENT_ASSET_PATHS = "\"Pizza-Paradiso/Preview Content\"";
				ENABLE_PREVIEWS = YES;
				GENERATE_INFOPLIST_FILE = YES;
				INFOPLIST_KEY_UIApplicationSceneManifest_Generation = YES;
				INFOPLIST_KEY_UIApplicationSupportsIndirectInputEvents = YES;
				INFOPLIST_KEY_UILaunchScreen_Generation = YES;
				INFOPLIST_KEY_UISupportedInterfaceOrientations_iPad = "UIInterfaceOrientationPortrait UIInterfaceOrientationPortraitUpsideDown UIInterfaceOrientationLandscapeLeft UIInterfaceOrientationLandscapeRight";
				INFOPLIST_KEY_UISupportedInterfaceOrientations_iPhone = "UIInterfaceOrientationPortrait UIInterfaceOrientationLandscapeLeft UIInterfaceOrientationLandscapeRight";
				LD_RUNPATH_SEARCH_PATHS = (
					"$(inherited)",
					"@executable_path/Frameworks",
				);
				MARKETING_VERSION = 1.0;
				PRODUCT_BUNDLE_IDENTIFIER = "test.Pizza-Paradiso";
				PRODUCT_NAME = "$(TARGET_NAME)";
				SWIFT_EMIT_LOC_STRINGS = YES;
				SWIFT_VERSION = 5.0;
				TARGETED_DEVICE_FAMILY = "1,2";
			};
			name = Release;
		};
/* End XCBuildConfiguration section */

/* Begin XCConfigurationList section */
		7D97B6632BAE7BF10073686F /* Build configuration list for PBXProject "Pizza-Paradiso" */ = {
			isa = XCConfigurationList;
			buildConfigurations = (
				7D97B6742BAE7BFA0073686F /* Debug */,
				7D97B6752BAE7BFA0073686F /* Release */,
			);
			defaultConfigurationIsVisible = 0;
			defaultConfigurationName = Release;
		};
		7D97B6762BAE7BFA0073686F /* Build configuration list for PBXNativeTarget "Pizza-Paradiso" */ = {
			isa = XCConfigurationList;
			buildConfigurations = (
				7D97B6772BAE7BFA0073686F /* Debug */,
				7D97B6782BAE7BFA0073686F /* Release */,
			);
			defaultConfigurationIsVisible = 0;
			defaultConfigurationName = Release;
		};
/* End XCConfigurationList section */
	};
	rootObject = 7D97B6602BAE7BF10073686F /* Project object */;
}
